<?xml version="1.0" encoding="UTF-8"?>
<Scheme
   LastUpgradeVersion = "0720"
   version = "1.3">
   <BuildAction
      parallelizeBuildables = "YES"
      buildImplicitDependencies = "YES">
      <BuildActionEntries>
         <BuildActionEntry
            buildForTesting = "YES"
            buildForRunning = "YES"
            buildForProfiling = "YES"
            buildForArchiving = "YES"
            buildForAnalyzing = "YES">
            <BuildableReference
               BuildableIdentifier = "primary"
               BlueprintIdentifier = "2FDBA6341C7A8425002E3B7E"
               BuildableName = "movielens"
               BlueprintName = "movielens"
               ReferencedContainer = "container:moivelens.xcodeproj">
            </BuildableReference>
         </BuildActionEntry>
      </BuildActionEntries>
   </BuildAction>
   <TestAction
      buildConfiguration = "Debug"
      selectedDebuggerIdentifier = "Xcode.DebuggerFoundation.Debugger.LLDB"
      selectedLauncherIdentifier = "Xcode.DebuggerFoundation.Launcher.LLDB"
      shouldUseLaunchSchemeArgsEnv = "YES">
      <Testables>
      </Testables>
      <MacroExpansion>
         <BuildableReference
            BuildableIdentifier = "primary"
            BlueprintIdentifier = "2FDBA6341C7A8425002E3B7E"
            BuildableName = "movielens"
            BlueprintName = "movielens"
            ReferencedContainer = "container:movielens.xcodeproj">
         </BuildableReference>
      </MacroExpansion>
      <AdditionalOptions>
      </AdditionalOptions>
   </TestAction>
   <LaunchAction
      buildConfiguration = "Release"
      selectedDebuggerIdentifier = "Xcode.DebuggerFoundation.Debugger.LLDB"
      selectedLauncherIdentifier = "Xcode.DebuggerFoundation.Launcher.LLDB"
      launchStyle = "0"
      useCustomWorkingDirectory = "YES"
      customWorkingDirectory = "/Users/tyler/Developer/MachineLearning/movielens/movielens"
      ignoresPersistentStateOnLaunch = "NO"
      debugDocumentVersioning = "YES"
      debugServiceExtension = "internal"
      allowLocationSimulation = "YES">
      <BuildableProductRunnable
         runnableDebuggingMode = "0">
         <BuildableReference
            BuildableIdentifier = "primary"
            BlueprintIdentifier = "2FDBA6341C7A8425002E3B7E"
            BuildableName = "movielens"
            BlueprintName = "movielens"
            ReferencedContainer = "container:movielens.xcodeproj">
         </BuildableReference>
      </BuildableProductRunnable>
      <CommandLineArguments>
         <CommandLineArgument
            argument = "-k 5"
            isEnabled = "NO">
         </CommandLineArgument>
         <CommandLineArgument
            argument = "-o"
            isEnabled = "NO">
         </CommandLineArgument>
         <CommandLineArgument
            argument = "-d 1"
            isEnabled = "NO">
         </CommandLineArgument>
         <CommandLineArgument
            argument = "-d 2"
            isEnabled = "NO">
         </CommandLineArgument>
         <CommandLineArgument
            argument = "-d 3"
            isEnabled = "NO">
         </CommandLineArgument>
         <CommandLineArgument
            argument = "-d 0"
            isEnabled = "NO">
         </CommandLineArgument>
         <CommandLineArgument
            argument = "-m 10681"
            isEnabled = "NO">
         </CommandLineArgument>
         <CommandLineArgument
            argument = "-u 71567"
            isEnabled = "NO">
         </CommandLineArgument>
         <CommandLineArgument
            argument = "-r ./data/ml-10M100k/r1.train"
            isEnabled = "NO">
         </CommandLineArgument>
         <CommandLineArgument
            argument = "-t ./data/ml-10M100k/r1.test"
            isEnabled = "NO">
         </CommandLineArgument>
         <CommandLineArgument
            argument = "-m 1682"
            isEnabled = "NO">
         </CommandLineArgument>
         <CommandLineArgument
            argument = "-u 1000"
            isEnabled = "NO">
         </CommandLineArgument>
         <CommandLineArgument
            argument = "-r ./data/ml-100k/u1.base"
            isEnabled = "NO">
         </CommandLineArgument>
         <CommandLineArgument
            argument = "-t ./data/ml-100k/u1.test"
            isEnabled = "NO">
         </CommandLineArgument>
         <CommandLineArgument
            argument = "-k5 -d0 -m1682 -u1000 -r ./data/ml-100k/u1.base -t ./data/ml-100k/u1.test -o"
            isEnabled = "YES">
         </CommandLineArgument>
         <CommandLineArgument
            argument = "-k5 -d0 -m3952 -u6040 -r./data/ml-1m/u1.base -t./data/ml-1m/u1.test -o"
            isEnabled = "NO">
         </CommandLineArgument>
      </CommandLineArguments>
      <AdditionalOptions>
      </AdditionalOptions>
   </LaunchAction>
   <ProfileAction
      buildConfiguration = "Release"
      shouldUseLaunchSchemeArgsEnv = "YES"
      savedToolIdentifier = ""
      useCustomWorkingDirectory = "YES"
      customWorkingDirectory = "/Users/tyler/Developer/MachineLearning/moivelens/moivelens"
      debugDocumentVersioning = "YES">
      <BuildableProductRunnable
         runnableDebuggingMode = "0">
         <BuildableReference
            BuildableIdentifier = "primary"
            BlueprintIdentifier = "2FDBA6341C7A8425002E3B7E"
            BuildableName = "movielens"
            BlueprintName = "movielens"
            ReferencedContainer = "container:moivelens.xcodeproj">
         </BuildableReference>
      </BuildableProductRunnable>
   </ProfileAction>
   <AnalyzeAction
      buildConfiguration = "Debug">
   </AnalyzeAction>
   <ArchiveAction
      buildConfiguration = "Release"
      revealArchiveInOrganizer = "YES">
   </ArchiveAction>
</Scheme>
